// !$*UTF8*$!
{
	archiveVersion = 1;
	classes = {
	};
	objectVersion = 50;
	objects = {

/* Begin PBXBuildFile section */
		20884547CFAB0B30AFB64399 /* Pods_Travellers.framework in Frameworks */ = {isa = PBXBuildFile; fileRef = D6D7D0ACFAE98FF311FEF614 /* Pods_Travellers.framework */; };
		340DA9DE2338232900F3548D /* GoogleService-Info.plist in Resources */ = {isa = PBXBuildFile; fileRef = 340DA9DD2338232900F3548D /* GoogleService-Info.plist */; };
		34299E732303F9A600B445B5 /* imageService.swift in Sources */ = {isa = PBXBuildFile; fileRef = 34299E722303F9A600B445B5 /* imageService.swift */; };
		34299E752303FA6F00B445B5 /* ImageEntity.swift in Sources */ = {isa = PBXBuildFile; fileRef = 34299E742303FA6F00B445B5 /* ImageEntity.swift */; };
		343001C022F754A20042FF60 /* ImageCellCollectionViewCell.swift in Sources */ = {isa = PBXBuildFile; fileRef = 343001BF22F754A20042FF60 /* ImageCellCollectionViewCell.swift */; };
		34309E54227AED0100D714EF /* AppDelegate.swift in Sources */ = {isa = PBXBuildFile; fileRef = 34309E53227AED0100D714EF /* AppDelegate.swift */; };
		34309E59227AED0100D714EF /* Main.storyboard in Resources */ = {isa = PBXBuildFile; fileRef = 34309E57227AED0100D714EF /* Main.storyboard */; };
		34309E5C227AED0100D714EF /* Travellers.xcdatamodeld in Sources */ = {isa = PBXBuildFile; fileRef = 34309E5A227AED0100D714EF /* Travellers.xcdatamodeld */; };
		34309E61227AED0200D714EF /* LaunchScreen.storyboard in Resources */ = {isa = PBXBuildFile; fileRef = 34309E5F227AED0200D714EF /* LaunchScreen.storyboard */; };
		34309E6C227AED0200D714EF /* TravellersTests.swift in Sources */ = {isa = PBXBuildFile; fileRef = 34309E6B227AED0200D714EF /* TravellersTests.swift */; };
		34309E77227AED0200D714EF /* TravellersUITests.swift in Sources */ = {isa = PBXBuildFile; fileRef = 34309E76227AED0200D714EF /* TravellersUITests.swift */; };
		34309E8C227B5E6800D714EF /* User.swift in Sources */ = {isa = PBXBuildFile; fileRef = 34309E8B227B5E6800D714EF /* User.swift */; };
		34309E8E227B5EA200D714EF /* LoginViewController.swift in Sources */ = {isa = PBXBuildFile; fileRef = 34309E8D227B5EA200D714EF /* LoginViewController.swift */; };
		3431D6582295BC0800681F45 /* Countries.swift in Sources */ = {isa = PBXBuildFile; fileRef = 3431D6572295BC0800681F45 /* Countries.swift */; };
		3431D65C2295BC7900681F45 /* CountriesViewController.swift in Sources */ = {isa = PBXBuildFile; fileRef = 3431D65B2295BC7900681F45 /* CountriesViewController.swift */; };
		34335C8022F8D91900E7E622 /* MapViewController.swift in Sources */ = {isa = PBXBuildFile; fileRef = 34335C7F22F8D91900E7E622 /* MapViewController.swift */; };
		3435603723323A3F004BE960 /* TravelDatesViewController.swift in Sources */ = {isa = PBXBuildFile; fileRef = 3435603623323A3F004BE960 /* TravelDatesViewController.swift */; };
		3435603923323B2D004BE960 /* TravelCellCollectionViewCell.swift in Sources */ = {isa = PBXBuildFile; fileRef = 3435603823323B2D004BE960 /* TravelCellCollectionViewCell.swift */; };
		3466348D2338280B003FB8E8 /* CountriesServices.swift in Sources */ = {isa = PBXBuildFile; fileRef = 3466348C2338280B003FB8E8 /* CountriesServices.swift */; };
		3466348F23382997003FB8E8 /* Assets.xcassets in Resources */ = {isa = PBXBuildFile; fileRef = 3466348E23382997003FB8E8 /* Assets.xcassets */; };
		346CE375227C6B2300AC49F5 /* ProfileViewController.swift in Sources */ = {isa = PBXBuildFile; fileRef = 346CE374227C6B2300AC49F5 /* ProfileViewController.swift */; };
		346CE377227C719800AC49F5 /* FirebaseHelper.swift in Sources */ = {isa = PBXBuildFile; fileRef = 346CE376227C719800AC49F5 /* FirebaseHelper.swift */; };
		346CE379227C804300AC49F5 /* KeyboardManagementViewController.swift in Sources */ = {isa = PBXBuildFile; fileRef = 346CE378227C804300AC49F5 /* KeyboardManagementViewController.swift */; };
/* End PBXBuildFile section */

/* Begin PBXContainerItemProxy section */
		34309E68227AED0200D714EF /* PBXContainerItemProxy */ = {
			isa = PBXContainerItemProxy;
			containerPortal = 34309E48227AED0100D714EF /* Project object */;
			proxyType = 1;
			remoteGlobalIDString = 34309E4F227AED0100D714EF;
			remoteInfo = Travellers;
		};
		34309E73227AED0200D714EF /* PBXContainerItemProxy */ = {
			isa = PBXContainerItemProxy;
			containerPortal = 34309E48227AED0100D714EF /* Project object */;
			proxyType = 1;
			remoteGlobalIDString = 34309E4F227AED0100D714EF;
			remoteInfo = Travellers;
		};
/* End PBXContainerItemProxy section */

/* Begin PBXFileReference section */
		1D6C04B93CD6F5953B21C5B8 /* Pods-Travellers.debug.xcconfig */ = {isa = PBXFileReference; includeInIndex = 1; lastKnownFileType = text.xcconfig; name = "Pods-Travellers.debug.xcconfig"; path = "Target Support Files/Pods-Travellers/Pods-Travellers.debug.xcconfig"; sourceTree = "<group>"; };
		340DA9DD2338232900F3548D /* GoogleService-Info.plist */ = {isa = PBXFileReference; fileEncoding = 4; lastKnownFileType = text.plist.xml; path = "GoogleService-Info.plist"; sourceTree = "<group>"; };
		34299E722303F9A600B445B5 /* imageService.swift */ = {isa = PBXFileReference; lastKnownFileType = sourcecode.swift; path = imageService.swift; sourceTree = "<group>"; };
		34299E742303FA6F00B445B5 /* ImageEntity.swift */ = {isa = PBXFileReference; lastKnownFileType = sourcecode.swift; path = ImageEntity.swift; sourceTree = "<group>"; };
		343001BF22F754A20042FF60 /* ImageCellCollectionViewCell.swift */ = {isa = PBXFileReference; lastKnownFileType = sourcecode.swift; path = ImageCellCollectionViewCell.swift; sourceTree = "<group>"; };
		34309E50227AED0100D714EF /* Travellers.app */ = {isa = PBXFileReference; explicitFileType = wrapper.application; includeInIndex = 0; path = Travellers.app; sourceTree = BUILT_PRODUCTS_DIR; };
		34309E53227AED0100D714EF /* AppDelegate.swift */ = {isa = PBXFileReference; lastKnownFileType = sourcecode.swift; path = AppDelegate.swift; sourceTree = "<group>"; };
		34309E58227AED0100D714EF /* Base */ = {isa = PBXFileReference; lastKnownFileType = file.storyboard; name = Base; path = Base.lproj/Main.storyboard; sourceTree = "<group>"; };
		34309E5B227AED0100D714EF /* Travellers.xcdatamodel */ = {isa = PBXFileReference; lastKnownFileType = wrapper.xcdatamodel; path = Travellers.xcdatamodel; sourceTree = "<group>"; };
		34309E60227AED0200D714EF /* Base */ = {isa = PBXFileReference; lastKnownFileType = file.storyboard; name = Base; path = Base.lproj/LaunchScreen.storyboard; sourceTree = "<group>"; };
		34309E62227AED0200D714EF /* Info.plist */ = {isa = PBXFileReference; lastKnownFileType = text.plist.xml; path = Info.plist; sourceTree = "<group>"; };
		34309E67227AED0200D714EF /* TravellersTests.xctest */ = {isa = PBXFileReference; explicitFileType = wrapper.cfbundle; includeInIndex = 0; path = TravellersTests.xctest; sourceTree = BUILT_PRODUCTS_DIR; };
		34309E6B227AED0200D714EF /* TravellersTests.swift */ = {isa = PBXFileReference; lastKnownFileType = sourcecode.swift; path = TravellersTests.swift; sourceTree = "<group>"; };
		34309E6D227AED0200D714EF /* Info.plist */ = {isa = PBXFileReference; lastKnownFileType = text.plist.xml; path = Info.plist; sourceTree = "<group>"; };
		34309E72227AED0200D714EF /* TravellersUITests.xctest */ = {isa = PBXFileReference; explicitFileType = wrapper.cfbundle; includeInIndex = 0; path = TravellersUITests.xctest; sourceTree = BUILT_PRODUCTS_DIR; };
		34309E76227AED0200D714EF /* TravellersUITests.swift */ = {isa = PBXFileReference; lastKnownFileType = sourcecode.swift; path = TravellersUITests.swift; sourceTree = "<group>"; };
		34309E78227AED0200D714EF /* Info.plist */ = {isa = PBXFileReference; lastKnownFileType = text.plist.xml; path = Info.plist; sourceTree = "<group>"; };
		34309E8B227B5E6800D714EF /* User.swift */ = {isa = PBXFileReference; lastKnownFileType = sourcecode.swift; path = User.swift; sourceTree = "<group>"; };
		34309E8D227B5EA200D714EF /* LoginViewController.swift */ = {isa = PBXFileReference; lastKnownFileType = sourcecode.swift; path = LoginViewController.swift; sourceTree = "<group>"; };
		34309E8F227B5EDA00D714EF /* Travellers.entitlements */ = {isa = PBXFileReference; lastKnownFileType = text.plist.entitlements; path = Travellers.entitlements; sourceTree = "<group>"; };
		3431D6572295BC0800681F45 /* Countries.swift */ = {isa = PBXFileReference; lastKnownFileType = sourcecode.swift; path = Countries.swift; sourceTree = "<group>"; };
		3431D65B2295BC7900681F45 /* CountriesViewController.swift */ = {isa = PBXFileReference; lastKnownFileType = sourcecode.swift; path = CountriesViewController.swift; sourceTree = "<group>"; };
		34335C7F22F8D91900E7E622 /* MapViewController.swift */ = {isa = PBXFileReference; lastKnownFileType = sourcecode.swift; path = MapViewController.swift; sourceTree = "<group>"; };
		3435603623323A3F004BE960 /* TravelDatesViewController.swift */ = {isa = PBXFileReference; lastKnownFileType = sourcecode.swift; path = TravelDatesViewController.swift; sourceTree = "<group>"; };
		3435603823323B2D004BE960 /* TravelCellCollectionViewCell.swift */ = {isa = PBXFileReference; lastKnownFileType = sourcecode.swift; path = TravelCellCollectionViewCell.swift; sourceTree = "<group>"; };
		3466348C2338280B003FB8E8 /* CountriesServices.swift */ = {isa = PBXFileReference; lastKnownFileType = sourcecode.swift; path = CountriesServices.swift; sourceTree = "<group>"; };
		3466348E23382997003FB8E8 /* Assets.xcassets */ = {isa = PBXFileReference; lastKnownFileType = folder.assetcatalog; path = Assets.xcassets; sourceTree = "<group>"; };
		346CE374227C6B2300AC49F5 /* ProfileViewController.swift */ = {isa = PBXFileReference; lastKnownFileType = sourcecode.swift; path = ProfileViewController.swift; sourceTree = "<group>"; };
		346CE376227C719800AC49F5 /* FirebaseHelper.swift */ = {isa = PBXFileReference; lastKnownFileType = sourcecode.swift; path = FirebaseHelper.swift; sourceTree = "<group>"; };
		346CE378227C804300AC49F5 /* KeyboardManagementViewController.swift */ = {isa = PBXFileReference; lastKnownFileType = sourcecode.swift; path = KeyboardManagementViewController.swift; sourceTree = "<group>"; };
		9217C16316720B1C40DB59DA /* Pods-Travellers.release.xcconfig */ = {isa = PBXFileReference; includeInIndex = 1; lastKnownFileType = text.xcconfig; name = "Pods-Travellers.release.xcconfig"; path = "Target Support Files/Pods-Travellers/Pods-Travellers.release.xcconfig"; sourceTree = "<group>"; };
		D6D7D0ACFAE98FF311FEF614 /* Pods_Travellers.framework */ = {isa = PBXFileReference; explicitFileType = wrapper.framework; includeInIndex = 0; path = Pods_Travellers.framework; sourceTree = BUILT_PRODUCTS_DIR; };
/* End PBXFileReference section */

/* Begin PBXFrameworksBuildPhase section */
		34309E4D227AED0100D714EF /* Frameworks */ = {
			isa = PBXFrameworksBuildPhase;
			buildActionMask = 2147483647;
			files = (
				20884547CFAB0B30AFB64399 /* Pods_Travellers.framework in Frameworks */,
			);
			runOnlyForDeploymentPostprocessing = 0;
		};
		34309E64227AED0200D714EF /* Frameworks */ = {
			isa = PBXFrameworksBuildPhase;
			buildActionMask = 2147483647;
			files = (
			);
			runOnlyForDeploymentPostprocessing = 0;
		};
		34309E6F227AED0200D714EF /* Frameworks */ = {
			isa = PBXFrameworksBuildPhase;
			buildActionMask = 2147483647;
			files = (
			);
			runOnlyForDeploymentPostprocessing = 0;
		};
/* End PBXFrameworksBuildPhase section */

/* Begin PBXGroup section */
		34309E47227AED0100D714EF = {
			isa = PBXGroup;
			children = (
				34309E52227AED0100D714EF /* Travellers */,
				34309E6A227AED0200D714EF /* TravellersTests */,
				34309E75227AED0200D714EF /* TravellersUITests */,
				34309E51227AED0100D714EF /* Products */,
				4D9C60BD7052C03EED161BD2 /* Pods */,
				F4777510A20D1F12D2686726 /* Frameworks */,
			);
			sourceTree = "<group>";
		};
		34309E51227AED0100D714EF /* Products */ = {
			isa = PBXGroup;
			children = (
				34309E50227AED0100D714EF /* Travellers.app */,
				34309E67227AED0200D714EF /* TravellersTests.xctest */,
				34309E72227AED0200D714EF /* TravellersUITests.xctest */,
			);
			name = Products;
			sourceTree = "<group>";
		};
		34309E52227AED0100D714EF /* Travellers */ = {
			isa = PBXGroup;
			children = (
				34309E8F227B5EDA00D714EF /* Travellers.entitlements */,
				34309E84227AED1B00D714EF /* Model */,
				34309E86227AED2600D714EF /* Controller */,
				34309E85227AED2000D714EF /* View */,
				34309E53227AED0100D714EF /* AppDelegate.swift */,
				340DA9DD2338232900F3548D /* GoogleService-Info.plist */,
				3466348E23382997003FB8E8 /* Assets.xcassets */,
				34309E5F227AED0200D714EF /* LaunchScreen.storyboard */,
				34309E62227AED0200D714EF /* Info.plist */,
				34309E5A227AED0100D714EF /* Travellers.xcdatamodeld */,
			);
			path = Travellers;
			sourceTree = "<group>";
		};
		34309E6A227AED0200D714EF /* TravellersTests */ = {
			isa = PBXGroup;
			children = (
				34309E6B227AED0200D714EF /* TravellersTests.swift */,
				34309E6D227AED0200D714EF /* Info.plist */,
			);
			path = TravellersTests;
			sourceTree = "<group>";
		};
		34309E75227AED0200D714EF /* TravellersUITests */ = {
			isa = PBXGroup;
			children = (
				34309E76227AED0200D714EF /* TravellersUITests.swift */,
				34309E78227AED0200D714EF /* Info.plist */,
			);
			path = TravellersUITests;
			sourceTree = "<group>";
		};
		34309E84227AED1B00D714EF /* Model */ = {
			isa = PBXGroup;
			children = (
				34309E8B227B5E6800D714EF /* User.swift */,
				346CE376227C719800AC49F5 /* FirebaseHelper.swift */,
				3431D6572295BC0800681F45 /* Countries.swift */,
				34299E722303F9A600B445B5 /* imageService.swift */,
				34299E742303FA6F00B445B5 /* ImageEntity.swift */,
				3466348C2338280B003FB8E8 /* CountriesServices.swift */,
			);
			path = Model;
			sourceTree = "<group>";
		};
		34309E85227AED2000D714EF /* View */ = {
			isa = PBXGroup;
			children = (
				34309E57227AED0100D714EF /* Main.storyboard */,
			);
			path = View;
			sourceTree = "<group>";
		};
		34309E86227AED2600D714EF /* Controller */ = {
			isa = PBXGroup;
			children = (
				34309E8D227B5EA200D714EF /* LoginViewController.swift */,
				346CE374227C6B2300AC49F5 /* ProfileViewController.swift */,
				346CE378227C804300AC49F5 /* KeyboardManagementViewController.swift */,
				3431D65B2295BC7900681F45 /* CountriesViewController.swift */,
				343001BF22F754A20042FF60 /* ImageCellCollectionViewCell.swift */,
				3435603823323B2D004BE960 /* TravelCellCollectionViewCell.swift */,
				34335C7F22F8D91900E7E622 /* MapViewController.swift */,
				3435603623323A3F004BE960 /* TravelDatesViewController.swift */,
			);
			path = Controller;
			sourceTree = "<group>";
		};
		4D9C60BD7052C03EED161BD2 /* Pods */ = {
			isa = PBXGroup;
			children = (
				1D6C04B93CD6F5953B21C5B8 /* Pods-Travellers.debug.xcconfig */,
				9217C16316720B1C40DB59DA /* Pods-Travellers.release.xcconfig */,
			);
			path = Pods;
			sourceTree = "<group>";
		};
		F4777510A20D1F12D2686726 /* Frameworks */ = {
			isa = PBXGroup;
			children = (
				D6D7D0ACFAE98FF311FEF614 /* Pods_Travellers.framework */,
			);
			name = Frameworks;
			sourceTree = "<group>";
		};
/* End PBXGroup section */

/* Begin PBXNativeTarget section */
		34309E4F227AED0100D714EF /* Travellers */ = {
			isa = PBXNativeTarget;
			buildConfigurationList = 34309E7B227AED0200D714EF /* Build configuration list for PBXNativeTarget "Travellers" */;
			buildPhases = (
				68CEA6FFA8D4C89DEA4C5B36 /* [CP] Check Pods Manifest.lock */,
				34309E4C227AED0100D714EF /* Sources */,
				34309E4D227AED0100D714EF /* Frameworks */,
				34309E4E227AED0100D714EF /* Resources */,
				157C34AB417EC3993260D3BC /* [CP] Embed Pods Frameworks */,
			);
			buildRules = (
			);
			dependencies = (
			);
			name = Travellers;
			productName = Travellers;
			productReference = 34309E50227AED0100D714EF /* Travellers.app */;
			productType = "com.apple.product-type.application";
		};
		34309E66227AED0200D714EF /* TravellersTests */ = {
			isa = PBXNativeTarget;
			buildConfigurationList = 34309E7E227AED0200D714EF /* Build configuration list for PBXNativeTarget "TravellersTests" */;
			buildPhases = (
				34309E63227AED0200D714EF /* Sources */,
				34309E64227AED0200D714EF /* Frameworks */,
				34309E65227AED0200D714EF /* Resources */,
			);
			buildRules = (
			);
			dependencies = (
				34309E69227AED0200D714EF /* PBXTargetDependency */,
			);
			name = TravellersTests;
			productName = TravellersTests;
			productReference = 34309E67227AED0200D714EF /* TravellersTests.xctest */;
			productType = "com.apple.product-type.bundle.unit-test";
		};
		34309E71227AED0200D714EF /* TravellersUITests */ = {
			isa = PBXNativeTarget;
			buildConfigurationList = 34309E81227AED0200D714EF /* Build configuration list for PBXNativeTarget "TravellersUITests" */;
			buildPhases = (
				34309E6E227AED0200D714EF /* Sources */,
				34309E6F227AED0200D714EF /* Frameworks */,
				34309E70227AED0200D714EF /* Resources */,
			);
			buildRules = (
			);
			dependencies = (
				34309E74227AED0200D714EF /* PBXTargetDependency */,
			);
			name = TravellersUITests;
			productName = TravellersUITests;
			productReference = 34309E72227AED0200D714EF /* TravellersUITests.xctest */;
			productType = "com.apple.product-type.bundle.ui-testing";
		};
/* End PBXNativeTarget section */

/* Begin PBXProject section */
		34309E48227AED0100D714EF /* Project object */ = {
			isa = PBXProject;
			attributes = {
				LastSwiftUpdateCheck = 1020;
				LastUpgradeCheck = 1020;
				ORGANIZATIONNAME = Nasch;
				TargetAttributes = {
					34309E4F227AED0100D714EF = {
						CreatedOnToolsVersion = 10.2.1;
						SystemCapabilities = {
							com.apple.Keychain = {
								enabled = 1;
							};
						};
					};
					34309E66227AED0200D714EF = {
						CreatedOnToolsVersion = 10.2.1;
						TestTargetID = 34309E4F227AED0100D714EF;
					};
					34309E71227AED0200D714EF = {
						CreatedOnToolsVersion = 10.2.1;
						TestTargetID = 34309E4F227AED0100D714EF;
					};
				};
			};
			buildConfigurationList = 34309E4B227AED0100D714EF /* Build configuration list for PBXProject "Travellers" */;
			compatibilityVersion = "Xcode 9.3";
			developmentRegion = en;
			hasScannedForEncodings = 0;
			knownRegions = (
				en,
				Base,
			);
			mainGroup = 34309E47227AED0100D714EF;
			productRefGroup = 34309E51227AED0100D714EF /* Products */;
			projectDirPath = "";
			projectRoot = "";
			targets = (
				34309E4F227AED0100D714EF /* Travellers */,
				34309E66227AED0200D714EF /* TravellersTests */,
				34309E71227AED0200D714EF /* TravellersUITests */,
			);
		};
/* End PBXProject section */

/* Begin PBXResourcesBuildPhase section */
		34309E4E227AED0100D714EF /* Resources */ = {
			isa = PBXResourcesBuildPhase;
			buildActionMask = 2147483647;
			files = (
				34309E61227AED0200D714EF /* LaunchScreen.storyboard in Resources */,
				340DA9DE2338232900F3548D /* GoogleService-Info.plist in Resources */,
				34309E59227AED0100D714EF /* Main.storyboard in Resources */,
				3466348F23382997003FB8E8 /* Assets.xcassets in Resources */,
			);
			runOnlyForDeploymentPostprocessing = 0;
		};
		34309E65227AED0200D714EF /* Resources */ = {
			isa = PBXResourcesBuildPhase;
			buildActionMask = 2147483647;
			files = (
			);
			runOnlyForDeploymentPostprocessing = 0;
		};
		34309E70227AED0200D714EF /* Resources */ = {
			isa = PBXResourcesBuildPhase;
			buildActionMask = 2147483647;
			files = (
			);
			runOnlyForDeploymentPostprocessing = 0;
		};
/* End PBXResourcesBuildPhase section */

/* Begin PBXShellScriptBuildPhase section */
		157C34AB417EC3993260D3BC /* [CP] Embed Pods Frameworks */ = {
			isa = PBXShellScriptBuildPhase;
			buildActionMask = 2147483647;
			files = (
			);
			inputFileListPaths = (
			);
			inputPaths = (
				"${PODS_ROOT}/Target Support Files/Pods-Travellers/Pods-Travellers-frameworks.sh",
				"${BUILT_PRODUCTS_DIR}/Alamofire/Alamofire.framework",
				"${BUILT_PRODUCTS_DIR}/BoringSSL-GRPC/openssl_grpc.framework",
				"${BUILT_PRODUCTS_DIR}/GTMSessionFetcher/GTMSessionFetcher.framework",
				"${BUILT_PRODUCTS_DIR}/GoogleUtilities/GoogleUtilities.framework",
				"${BUILT_PRODUCTS_DIR}/Kingfisher/Kingfisher.framework",
				"${BUILT_PRODUCTS_DIR}/PocketSVG/PocketSVG.framework",
				"${BUILT_PRODUCTS_DIR}/Protobuf/Protobuf.framework",
				"${BUILT_PRODUCTS_DIR}/gRPC-C++/grpcpp.framework",
				"${BUILT_PRODUCTS_DIR}/gRPC-Core/grpc.framework",
				"${BUILT_PRODUCTS_DIR}/leveldb-library/leveldb.framework",
				"${BUILT_PRODUCTS_DIR}/nanopb/nanopb.framework",
			);
			name = "[CP] Embed Pods Frameworks";
			outputFileListPaths = (
			);
			outputPaths = (
				"${TARGET_BUILD_DIR}/${FRAMEWORKS_FOLDER_PATH}/Alamofire.framework",
				"${TARGET_BUILD_DIR}/${FRAMEWORKS_FOLDER_PATH}/openssl_grpc.framework",
				"${TARGET_BUILD_DIR}/${FRAMEWORKS_FOLDER_PATH}/GTMSessionFetcher.framework",
				"${TARGET_BUILD_DIR}/${FRAMEWORKS_FOLDER_PATH}/GoogleUtilities.framework",
				"${TARGET_BUILD_DIR}/${FRAMEWORKS_FOLDER_PATH}/Kingfisher.framework",
				"${TARGET_BUILD_DIR}/${FRAMEWORKS_FOLDER_PATH}/PocketSVG.framework",
				"${TARGET_BUILD_DIR}/${FRAMEWORKS_FOLDER_PATH}/Protobuf.framework",
				"${TARGET_BUILD_DIR}/${FRAMEWORKS_FOLDER_PATH}/grpcpp.framework",
				"${TARGET_BUILD_DIR}/${FRAMEWORKS_FOLDER_PATH}/grpc.framework",
				"${TARGET_BUILD_DIR}/${FRAMEWORKS_FOLDER_PATH}/leveldb.framework",
				"${TARGET_BUILD_DIR}/${FRAMEWORKS_FOLDER_PATH}/nanopb.framework",
			);
			runOnlyForDeploymentPostprocessing = 0;
			shellPath = /bin/sh;
			shellScript = "\"${PODS_ROOT}/Target Support Files/Pods-Travellers/Pods-Travellers-frameworks.sh\"\n";
			showEnvVarsInLog = 0;
		};
		68CEA6FFA8D4C89DEA4C5B36 /* [CP] Check Pods Manifest.lock */ = {
			isa = PBXShellScriptBuildPhase;
			buildActionMask = 2147483647;
			files = (
			);
			inputFileListPaths = (
			);
			inputPaths = (
				"${PODS_PODFILE_DIR_PATH}/Podfile.lock",
				"${PODS_ROOT}/Manifest.lock",
			);
			name = "[CP] Check Pods Manifest.lock";
			outputFileListPaths = (
			);
			outputPaths = (
				"$(DERIVED_FILE_DIR)/Pods-Travellers-checkManifestLockResult.txt",
			);
			runOnlyForDeploymentPostprocessing = 0;
			shellPath = /bin/sh;
			shellScript = "diff \"${PODS_PODFILE_DIR_PATH}/Podfile.lock\" \"${PODS_ROOT}/Manifest.lock\" > /dev/null\nif [ $? != 0 ] ; then\n    # print error to STDERR\n    echo \"error: The sandbox is not in sync with the Podfile.lock. Run 'pod install' or update your CocoaPods installation.\" >&2\n    exit 1\nfi\n# This output is used by Xcode 'outputs' to avoid re-running this script phase.\necho \"SUCCESS\" > \"${SCRIPT_OUTPUT_FILE_0}\"\n";
			showEnvVarsInLog = 0;
		};
/* End PBXShellScriptBuildPhase section */

/* Begin PBXSourcesBuildPhase section */
		34309E4C227AED0100D714EF /* Sources */ = {
			isa = PBXSourcesBuildPhase;
			buildActionMask = 2147483647;
			files = (
				34309E8C227B5E6800D714EF /* User.swift in Sources */,
				34309E54227AED0100D714EF /* AppDelegate.swift in Sources */,
				3466348D2338280B003FB8E8 /* CountriesServices.swift in Sources */,
				34299E752303FA6F00B445B5 /* ImageEntity.swift in Sources */,
				3435603723323A3F004BE960 /* TravelDatesViewController.swift in Sources */,
				346CE375227C6B2300AC49F5 /* ProfileViewController.swift in Sources */,
				3431D65C2295BC7900681F45 /* CountriesViewController.swift in Sources */,
				34309E8E227B5EA200D714EF /* LoginViewController.swift in Sources */,
				346CE379227C804300AC49F5 /* KeyboardManagementViewController.swift in Sources */,
				346CE377227C719800AC49F5 /* FirebaseHelper.swift in Sources */,
				3435603923323B2D004BE960 /* TravelCellCollectionViewCell.swift in Sources */,
				34335C8022F8D91900E7E622 /* MapViewController.swift in Sources */,
				34299E732303F9A600B445B5 /* imageService.swift in Sources */,
				3431D6582295BC0800681F45 /* Countries.swift in Sources */,
				34309E5C227AED0100D714EF /* Travellers.xcdatamodeld in Sources */,
				343001C022F754A20042FF60 /* ImageCellCollectionViewCell.swift in Sources */,
			);
			runOnlyForDeploymentPostprocessing = 0;
		};
		34309E63227AED0200D714EF /* Sources */ = {
			isa = PBXSourcesBuildPhase;
			buildActionMask = 2147483647;
			files = (
				34309E6C227AED0200D714EF /* TravellersTests.swift in Sources */,
			);
			runOnlyForDeploymentPostprocessing = 0;
		};
		34309E6E227AED0200D714EF /* Sources */ = {
			isa = PBXSourcesBuildPhase;
			buildActionMask = 2147483647;
			files = (
				34309E77227AED0200D714EF /* TravellersUITests.swift in Sources */,
			);
			runOnlyForDeploymentPostprocessing = 0;
		};
/* End PBXSourcesBuildPhase section */

/* Begin PBXTargetDependency section */
		34309E69227AED0200D714EF /* PBXTargetDependency */ = {
			isa = PBXTargetDependency;
			target = 34309E4F227AED0100D714EF /* Travellers */;
			targetProxy = 34309E68227AED0200D714EF /* PBXContainerItemProxy */;
		};
		34309E74227AED0200D714EF /* PBXTargetDependency */ = {
			isa = PBXTargetDependency;
			target = 34309E4F227AED0100D714EF /* Travellers */;
			targetProxy = 34309E73227AED0200D714EF /* PBXContainerItemProxy */;
		};
/* End PBXTargetDependency section */

/* Begin PBXVariantGroup section */
		34309E57227AED0100D714EF /* Main.storyboard */ = {
			isa = PBXVariantGroup;
			children = (
				34309E58227AED0100D714EF /* Base */,
			);
			name = Main.storyboard;
			sourceTree = "<group>";
		};
		34309E5F227AED0200D714EF /* LaunchScreen.storyboard */ = {
			isa = PBXVariantGroup;
			children = (
				34309E60227AED0200D714EF /* Base */,
			);
			name = LaunchScreen.storyboard;
			sourceTree = "<group>";
		};
/* End PBXVariantGroup section */

/* Begin XCBuildConfiguration section */
		34309E79227AED0200D714EF /* Debug */ = {
			isa = XCBuildConfiguration;
			buildSettings = {
				ALWAYS_SEARCH_USER_PATHS = NO;
				CLANG_ANALYZER_NONNULL = YES;
				CLANG_ANALYZER_NUMBER_OBJECT_CONVERSION = YES_AGGRESSIVE;
				CLANG_CXX_LANGUAGE_STANDARD = "gnu++14";
				CLANG_CXX_LIBRARY = "libc++";
				CLANG_ENABLE_MODULES = YES;
				CLANG_ENABLE_OBJC_ARC = YES;
				CLANG_ENABLE_OBJC_WEAK = YES;
				CLANG_WARN_BLOCK_CAPTURE_AUTORELEASING = YES;
				CLANG_WARN_BOOL_CONVERSION = YES;
				CLANG_WARN_COMMA = YES;
				CLANG_WARN_CONSTANT_CONVERSION = YES;
				CLANG_WARN_DEPRECATED_OBJC_IMPLEMENTATIONS = YES;
				CLANG_WARN_DIRECT_OBJC_ISA_USAGE = YES_ERROR;
				CLANG_WARN_DOCUMENTATION_COMMENTS = YES;
				CLANG_WARN_EMPTY_BODY = YES;
				CLANG_WARN_ENUM_CONVERSION = YES;
				CLANG_WARN_INFINITE_RECURSION = YES;
				CLANG_WARN_INT_CONVERSION = YES;
				CLANG_WARN_NON_LITERAL_NULL_CONVERSION = YES;
				CLANG_WARN_OBJC_IMPLICIT_RETAIN_SELF = YES;
				CLANG_WARN_OBJC_LITERAL_CONVERSION = YES;
				CLANG_WARN_OBJC_ROOT_CLASS = YES_ERROR;
				CLANG_WARN_RANGE_LOOP_ANALYSIS = YES;
				CLANG_WARN_STRICT_PROTOTYPES = YES;
				CLANG_WARN_SUSPICIOUS_MOVE = YES;
				CLANG_WARN_UNGUARDED_AVAILABILITY = YES_AGGRESSIVE;
				CLANG_WARN_UNREACHABLE_CODE = YES;
				CLANG_WARN__DUPLICATE_METHOD_MATCH = YES;
				CODE_SIGN_IDENTITY = "iPhone Developer";
				COPY_PHASE_STRIP = NO;
				DEBUG_INFORMATION_FORMAT = dwarf;
				ENABLE_STRICT_OBJC_MSGSEND = YES;
				ENABLE_TESTABILITY = YES;
				GCC_C_LANGUAGE_STANDARD = gnu11;
				GCC_DYNAMIC_NO_PIC = NO;
				GCC_NO_COMMON_BLOCKS = YES;
				GCC_OPTIMIZATION_LEVEL = 0;
				GCC_PREPROCESSOR_DEFINITIONS = (
					"DEBUG=1",
					"$(inherited)",
				);
				GCC_WARN_64_TO_32_BIT_CONVERSION = YES;
				GCC_WARN_ABOUT_RETURN_TYPE = YES_ERROR;
				GCC_WARN_UNDECLARED_SELECTOR = YES;
				GCC_WARN_UNINITIALIZED_AUTOS = YES_AGGRESSIVE;
				GCC_WARN_UNUSED_FUNCTION = YES;
				GCC_WARN_UNUSED_VARIABLE = YES;
				IPHONEOS_DEPLOYMENT_TARGET = 12.2;
				MTL_ENABLE_DEBUG_INFO = INCLUDE_SOURCE;
				MTL_FAST_MATH = YES;
				ONLY_ACTIVE_ARCH = YES;
				SDKROOT = iphoneos;
				SWIFT_ACTIVE_COMPILATION_CONDITIONS = DEBUG;
				SWIFT_OPTIMIZATION_LEVEL = "-Onone";
			};
			name = Debug;
		};
		34309E7A227AED0200D714EF /* Release */ = {
			isa = XCBuildConfiguration;
			buildSettings = {
				ALWAYS_SEARCH_USER_PATHS = NO;
				CLANG_ANALYZER_NONNULL = YES;
				CLANG_ANALYZER_NUMBER_OBJECT_CONVERSION = YES_AGGRESSIVE;
				CLANG_CXX_LANGUAGE_STANDARD = "gnu++14";
				CLANG_CXX_LIBRARY = "libc++";
				CLANG_ENABLE_MODULES = YES;
				CLANG_ENABLE_OBJC_ARC = YES;
				CLANG_ENABLE_OBJC_WEAK = YES;
				CLANG_WARN_BLOCK_CAPTURE_AUTORELEASING = YES;
				CLANG_WARN_BOOL_CONVERSION = YES;
				CLANG_WARN_COMMA = YES;
				CLANG_WARN_CONSTANT_CONVERSION = YES;
				CLANG_WARN_DEPRECATED_OBJC_IMPLEMENTATIONS = YES;
				CLANG_WARN_DIRECT_OBJC_ISA_USAGE = YES_ERROR;
				CLANG_WARN_DOCUMENTATION_COMMENTS = YES;
				CLANG_WARN_EMPTY_BODY = YES;
				CLANG_WARN_ENUM_CONVERSION = YES;
				CLANG_WARN_INFINITE_RECURSION = YES;
				CLANG_WARN_INT_CONVERSION = YES;
				CLANG_WARN_NON_LITERAL_NULL_CONVERSION = YES;
				CLANG_WARN_OBJC_IMPLICIT_RETAIN_SELF = YES;
				CLANG_WARN_OBJC_LITERAL_CONVERSION = YES;
				CLANG_WARN_OBJC_ROOT_CLASS = YES_ERROR;
				CLANG_WARN_RANGE_LOOP_ANALYSIS = YES;
				CLANG_WARN_STRICT_PROTOTYPES = YES;
				CLANG_WARN_SUSPICIOUS_MOVE = YES;
				CLANG_WARN_UNGUARDED_AVAILABILITY = YES_AGGRESSIVE;
				CLANG_WARN_UNREACHABLE_CODE = YES;
				CLANG_WARN__DUPLICATE_METHOD_MATCH = YES;
				CODE_SIGN_IDENTITY = "iPhone Developer";
				COPY_PHASE_STRIP = NO;
				DEBUG_INFORMATION_FORMAT = "dwarf-with-dsym";
				ENABLE_NS_ASSERTIONS = NO;
				ENABLE_STRICT_OBJC_MSGSEND = YES;
				GCC_C_LANGUAGE_STANDARD = gnu11;
				GCC_NO_COMMON_BLOCKS = YES;
				GCC_WARN_64_TO_32_BIT_CONVERSION = YES;
				GCC_WARN_ABOUT_RETURN_TYPE = YES_ERROR;
				GCC_WARN_UNDECLARED_SELECTOR = YES;
				GCC_WARN_UNINITIALIZED_AUTOS = YES_AGGRESSIVE;
				GCC_WARN_UNUSED_FUNCTION = YES;
				GCC_WARN_UNUSED_VARIABLE = YES;
				IPHONEOS_DEPLOYMENT_TARGET = 12.2;
				MTL_ENABLE_DEBUG_INFO = NO;
				MTL_FAST_MATH = YES;
				SDKROOT = iphoneos;
				SWIFT_COMPILATION_MODE = wholemodule;
				SWIFT_OPTIMIZATION_LEVEL = "-O";
				VALIDATE_PRODUCT = YES;
			};
			name = Release;
		};
		34309E7C227AED0200D714EF /* Debug */ = {
			isa = XCBuildConfiguration;
			baseConfigurationReference = 1D6C04B93CD6F5953B21C5B8 /* Pods-Travellers.debug.xcconfig */;
			buildSettings = {
				CODE_SIGN_ENTITLEMENTS = Travellers/Travellers.entitlements;
				CODE_SIGN_STYLE = Automatic;
				DEVELOPMENT_TEAM = HD9FBZBVT8;
				HEADER_SEARCH_PATHS = (
					"$(inherited)",
					"\"${PODS_CONFIGURATION_BUILD_DIR}/Alamofire/Alamofire.framework/Headers\"",
					"\"${PODS_CONFIGURATION_BUILD_DIR}/BoringSSL-GRPC/openssl_grpc.framework/Headers\"",
					"\"${PODS_CONFIGURATION_BUILD_DIR}/CocoaLumberjack/CocoaLumberjack.framework/Headers\"",
					"\"${PODS_CONFIGURATION_BUILD_DIR}/FirebaseAuth/FirebaseAuth.framework/Headers\"",
					"\"${PODS_CONFIGURATION_BUILD_DIR}/FirebaseCore/FirebaseCore.framework/Headers\"",
					"\"${PODS_CONFIGURATION_BUILD_DIR}/FirebaseCoreDiagnostics/FirebaseCoreDiagnostics.framework/Headers\"",
					"\"${PODS_CONFIGURATION_BUILD_DIR}/FirebaseDatabase/FirebaseDatabase.framework/Headers\"",
					"\"${PODS_CONFIGURATION_BUILD_DIR}/FirebaseFirestore/FirebaseFirestore.framework/Headers\"",
					"\"${PODS_CONFIGURATION_BUILD_DIR}/FirebaseInstanceID/FirebaseInstanceID.framework/Headers\"",
					"\"${PODS_CONFIGURATION_BUILD_DIR}/FirebaseStorage/FirebaseStorage.framework/Headers\"",
					"\"${PODS_CONFIGURATION_BUILD_DIR}/GTMSessionFetcher/GTMSessionFetcher.framework/Headers\"",
					"\"${PODS_CONFIGURATION_BUILD_DIR}/GoogleDataTransport/GoogleDataTransport.framework/Headers\"",
					"\"${PODS_CONFIGURATION_BUILD_DIR}/GoogleDataTransportCCTSupport/GoogleDataTransportCCTSupport.framework/Headers\"",
					"\"${PODS_CONFIGURATION_BUILD_DIR}/GoogleUtilities/GoogleUtilities.framework/Headers\"",
					"\"${PODS_CONFIGURATION_BUILD_DIR}/Kingfisher/Kingfisher.framework/Headers\"",
					"\"${PODS_CONFIGURATION_BUILD_DIR}/Protobuf/Protobuf.framework/Headers\"",
					"\"${PODS_CONFIGURATION_BUILD_DIR}/SVGKit/SVGKit.framework/Headers\"",
					"\"${PODS_CONFIGURATION_BUILD_DIR}/gRPC-C++/grpcpp.framework/Headers\"",
					"\"${PODS_CONFIGURATION_BUILD_DIR}/gRPC-Core/grpc.framework/Headers\"",
					"\"${PODS_CONFIGURATION_BUILD_DIR}/leveldb-library/leveldb.framework/Headers\"",
					"\"${PODS_CONFIGURATION_BUILD_DIR}/nanopb/nanopb.framework/Headers\"",
					"\"${PODS_ROOT}/Headers/Public\"",
					"\"${PODS_ROOT}/Headers/Public/Firebase\"",
					"\"${PODS_ROOT}/Headers/Public/FirebaseAuthInterop\"",
					"\"${PODS_ROOT}/Headers/Public/FirebaseCoreDiagnosticsInterop\"",
					"$(inherited)",
					"${PODS_ROOT}/Firebase/CoreOnly/Sources",
					"$(SDKROOT)/usr/include/libxml2",
				);
				INFOPLIST_FILE = Travellers/Info.plist;
				LD_RUNPATH_SEARCH_PATHS = (
					"$(inherited)",
					"@executable_path/Frameworks",
				);
				PRODUCT_BUNDLE_IDENTIFIER = com.nicolaspaschal.Travellers;
				PRODUCT_NAME = "$(TARGET_NAME)";
				SWIFT_VERSION = 5.0;
				TARGETED_DEVICE_FAMILY = "1,2";
			};
			name = Debug;
		};
		34309E7D227AED0200D714EF /* Release */ = {
			isa = XCBuildConfiguration;
			baseConfigurationReference = 9217C16316720B1C40DB59DA /* Pods-Travellers.release.xcconfig */;
			buildSettings = {
				CODE_SIGN_ENTITLEMENTS = Travellers/Travellers.entitlements;
				CODE_SIGN_STYLE = Automatic;
				DEVELOPMENT_TEAM = HD9FBZBVT8;
				HEADER_SEARCH_PATHS = (
					"$(inherited)",
					"\"${PODS_CONFIGURATION_BUILD_DIR}/Alamofire/Alamofire.framework/Headers\"",
					"\"${PODS_CONFIGURATION_BUILD_DIR}/BoringSSL-GRPC/openssl_grpc.framework/Headers\"",
					"\"${PODS_CONFIGURATION_BUILD_DIR}/CocoaLumberjack/CocoaLumberjack.framework/Headers\"",
					"\"${PODS_CONFIGURATION_BUILD_DIR}/FirebaseAuth/FirebaseAuth.framework/Headers\"",
					"\"${PODS_CONFIGURATION_BUILD_DIR}/FirebaseCore/FirebaseCore.framework/Headers\"",
					"\"${PODS_CONFIGURATION_BUILD_DIR}/FirebaseCoreDiagnostics/FirebaseCoreDiagnostics.framework/Headers\"",
					"\"${PODS_CONFIGURATION_BUILD_DIR}/FirebaseDatabase/FirebaseDatabase.framework/Headers\"",
					"\"${PODS_CONFIGURATION_BUILD_DIR}/FirebaseFirestore/FirebaseFirestore.framework/Headers\"",
					"\"${PODS_CONFIGURATION_BUILD_DIR}/FirebaseInstanceID/FirebaseInstanceID.framework/Headers\"",
					"\"${PODS_CONFIGURATION_BUILD_DIR}/FirebaseStorage/FirebaseStorage.framework/Headers\"",
					"\"${PODS_CONFIGURATION_BUILD_DIR}/GTMSessionFetcher/GTMSessionFetcher.framework/Headers\"",
					"\"${PODS_CONFIGURATION_BUILD_DIR}/GoogleDataTransport/GoogleDataTransport.framework/Headers\"",
					"\"${PODS_CONFIGURATION_BUILD_DIR}/GoogleDataTransportCCTSupport/GoogleDataTransportCCTSupport.framework/Headers\"",
					"\"${PODS_CONFIGURATION_BUILD_DIR}/GoogleUtilities/GoogleUtilities.framework/Headers\"",
					"\"${PODS_CONFIGURATION_BUILD_DIR}/Kingfisher/Kingfisher.framework/Headers\"",
					"\"${PODS_CONFIGURATION_BUILD_DIR}/Protobuf/Protobuf.framework/Headers\"",
					"\"${PODS_CONFIGURATION_BUILD_DIR}/SVGKit/SVGKit.framework/Headers\"",
					"\"${PODS_CONFIGURATION_BUILD_DIR}/gRPC-C++/grpcpp.framework/Headers\"",
					"\"${PODS_CONFIGURATION_BUILD_DIR}/gRPC-Core/grpc.framework/Headers\"",
					"\"${PODS_CONFIGURATION_BUILD_DIR}/leveldb-library/leveldb.framework/Headers\"",
					"\"${PODS_CONFIGURATION_BUILD_DIR}/nanopb/nanopb.framework/Headers\"",
					"\"${PODS_ROOT}/Headers/Public\"",
					"\"${PODS_ROOT}/Headers/Public/Firebase\"",
					"\"${PODS_ROOT}/Headers/Public/FirebaseAuthInterop\"",
					"\"${PODS_ROOT}/Headers/Public/FirebaseCoreDiagnosticsInterop\"",
					"$(inherited)",
					"${PODS_ROOT}/Firebase/CoreOnly/Sources",
					"$(SDKROOT)/usr/include/libxml2",
				);
				INFOPLIST_FILE = Travellers/Info.plist;
				LD_RUNPATH_SEARCH_PATHS = (
					"$(inherited)",
					"@executable_path/Frameworks",
				);
				PRODUCT_BUNDLE_IDENTIFIER = com.nicolaspaschal.Travellers;
				PRODUCT_NAME = "$(TARGET_NAME)";
				SWIFT_VERSION = 5.0;
				TARGETED_DEVICE_FAMILY = "1,2";
			};
			name = Release;
		};
		34309E7F227AED0200D714EF /* Debug */ = {
			isa = XCBuildConfiguration;
			buildSettings = {
				ALWAYS_EMBED_SWIFT_STANDARD_LIBRARIES = YES;
				BUNDLE_LOADER = "$(TEST_HOST)";
				CODE_SIGN_STYLE = Automatic;
				DEVELOPMENT_TEAM = HD9FBZBVT8;
				INFOPLIST_FILE = TravellersTests/Info.plist;
				LD_RUNPATH_SEARCH_PATHS = (
					"$(inherited)",
					"@executable_path/Frameworks",
					"@loader_path/Frameworks",
				);
				PRODUCT_BUNDLE_IDENTIFIER = com.nicolaspaschal.TravellersTests;
				PRODUCT_NAME = "$(TARGET_NAME)";
				SWIFT_VERSION = 5.0;
				TARGETED_DEVICE_FAMILY = "1,2";
				TEST_HOST = "$(BUILT_PRODUCTS_DIR)/Travellers.app/Travellers";
			};
			name = Debug;
		};
		34309E80227AED0200D714EF /* Release */ = {
			isa = XCBuildConfiguration;
			buildSettings = {
				ALWAYS_EMBED_SWIFT_STANDARD_LIBRARIES = YES;
				BUNDLE_LOADER = "$(TEST_HOST)";
				CODE_SIGN_STYLE = Automatic;
				DEVELOPMENT_TEAM = HD9FBZBVT8;
				INFOPLIST_FILE = TravellersTests/Info.plist;
				LD_RUNPATH_SEARCH_PATHS = (
					"$(inherited)",
					"@executable_path/Frameworks",
					"@loader_path/Frameworks",
				);
				PRODUCT_BUNDLE_IDENTIFIER = com.nicolaspaschal.TravellersTests;
				PRODUCT_NAME = "$(TARGET_NAME)";
				SWIFT_VERSION = 5.0;
				TARGETED_DEVICE_FAMILY = "1,2";
				TEST_HOST = "$(BUILT_PRODUCTS_DIR)/Travellers.app/Travellers";
			};
			name = Release;
		};
		34309E82227AED0200D714EF /* Debug */ = {
			isa = XCBuildConfiguration;
			buildSettings = {
				ALWAYS_EMBED_SWIFT_STANDARD_LIBRARIES = YES;
				CODE_SIGN_STYLE = Automatic;
				DEVELOPMENT_TEAM = HD9FBZBVT8;
				INFOPLIST_FILE = TravellersUITests/Info.plist;
				LD_RUNPATH_SEARCH_PATHS = (
					"$(inherited)",
					"@executable_path/Frameworks",
					"@loader_path/Frameworks",
				);
				PRODUCT_BUNDLE_IDENTIFIER = com.nicolaspaschal.TravellersUITests;
				PRODUCT_NAME = "$(TARGET_NAME)";
				SWIFT_VERSION = 5.0;
				TARGETED_DEVICE_FAMILY = "1,2";
				TEST_TARGET_NAME = Travellers;
			};
			name = Debug;
		};
		34309E83227AED0200D714EF /* Release */ = {
			isa = XCBuildConfiguration;
			buildSettings = {
				ALWAYS_EMBED_SWIFT_STANDARD_LIBRARIES = YES;
				CODE_SIGN_STYLE = Automatic;
				DEVELOPMENT_TEAM = HD9FBZBVT8;
				INFOPLIST_FILE = TravellersUITests/Info.plist;
				LD_RUNPATH_SEARCH_PATHS = (
					"$(inherited)",
					"@executable_path/Frameworks",
					"@loader_path/Frameworks",
				);
				PRODUCT_BUNDLE_IDENTIFIER = com.nicolaspaschal.TravellersUITests;
				PRODUCT_NAME = "$(TARGET_NAME)";
				SWIFT_VERSION = 5.0;
				TARGETED_DEVICE_FAMILY = "1,2";
				TEST_TARGET_NAME = Travellers;
			};
			name = Release;
		};
/* End XCBuildConfiguration section */

/* Begin XCConfigurationList section */
		34309E4B227AED0100D714EF /* Build configuration list for PBXProject "Travellers" */ = {
			isa = XCConfigurationList;
			buildConfigurations = (
				34309E79227AED0200D714EF /* Debug */,
				34309E7A227AED0200D714EF /* Release */,
			);
			defaultConfigurationIsVisible = 0;
			defaultConfigurationName = Release;
		};
		34309E7B227AED0200D714EF /* Build configuration list for PBXNativeTarget "Travellers" */ = {
			isa = XCConfigurationList;
			buildConfigurations = (
				34309E7C227AED0200D714EF /* Debug */,
				34309E7D227AED0200D714EF /* Release */,
			);
			defaultConfigurationIsVisible = 0;
			defaultConfigurationName = Release;
		};
		34309E7E227AED0200D714EF /* Build configuration list for PBXNativeTarget "TravellersTests" */ = {
			isa = XCConfigurationList;
			buildConfigurations = (
				34309E7F227AED0200D714EF /* Debug */,
				34309E80227AED0200D714EF /* Release */,
			);
			defaultConfigurationIsVisible = 0;
			defaultConfigurationName = Release;
		};
		34309E81227AED0200D714EF /* Build configuration list for PBXNativeTarget "TravellersUITests" */ = {
			isa = XCConfigurationList;
			buildConfigurations = (
				34309E82227AED0200D714EF /* Debug */,
				34309E83227AED0200D714EF /* Release */,
			);
			defaultConfigurationIsVisible = 0;
			defaultConfigurationName = Release;
		};
/* End XCConfigurationList section */

/* Begin XCVersionGroup section */
		34309E5A227AED0100D714EF /* Travellers.xcdatamodeld */ = {
			isa = XCVersionGroup;
			children = (
				34309E5B227AED0100D714EF /* Travellers.xcdatamodel */,
			);
			currentVersion = 34309E5B227AED0100D714EF /* Travellers.xcdatamodel */;
			path = Travellers.xcdatamodeld;
			sourceTree = "<group>";
			versionGroupType = wrapper.xcdatamodel;
		};
/* End XCVersionGroup section */
	};
	rootObject = 34309E48227AED0100D714EF /* Project object */;
}
